
Microsoft Visual Studio Solution File, Format Version 12.00
# Visual Studio 15
VisualStudioVersion = 15.0.28010.2050
MinimumVisualStudioVersion = 10.0.40219.1
Project("{9A19103F-16F7-4668-BE54-9A1E7A4F7556}") = "ServicesChecker", "ServicesChecker\ServicesChecker.csproj", "{65365DF8-AFB2-4C07-8899-903B6ACC21A1}"
EndProject
Project("{9A19103F-16F7-4668-BE54-9A1E7A4F7556}") = "ServicesCheckerLib", "ServicesCheckerLib\ServicesCheckerLib.csproj", "{4078629C-FA8E-436C-97A2-31AEE0DCF9CD}"
EndProject
Project("{FAE04EC0-301F-11D3-BF4B-00C04F79EFBC}") = "TestWebApp", "TestWebApp\TestWebApp.csproj", "{EA944095-2BCE-4644-8F5A-60518DC88658}"
EndProject
Global
	GlobalSection(SolutionConfigurationPlatforms) = preSolution
		Debug|Any CPU = Debug|Any CPU
		Release|Any CPU = Release|Any CPU
	EndGlobalSection
	GlobalSection(ProjectConfigurationPlatforms) = postSolution
		{65365DF8-AFB2-4C07-8899-903B6ACC21A1}.Debug|Any CPU.ActiveCfg = Debug|Any CPU
		{65365DF8-AFB2-4C07-8899-903B6ACC21A1}.Debug|Any CPU.Build.0 = Debug|Any CPU
		{65365DF8-AFB2-4C07-8899-903B6ACC21A1}.Release|Any CPU.ActiveCfg = Release|Any CPU
		{65365DF8-AFB2-4C07-8899-903B6ACC21A1}.Release|Any CPU.Build.0 = Release|Any CPU
		{4078629C-FA8E-436C-97A2-31AEE0DCF9CD}.Debug|Any CPU.ActiveCfg = Debug|Any CPU
		{4078629C-FA8E-436C-97A2-31AEE0DCF9CD}.Debug|Any CPU.Build.0 = Debug|Any CPU
		{4078629C-FA8E-436C-97A2-31AEE0DCF9CD}.Release|Any CPU.ActiveCfg = Release|Any CPU
		{4078629C-FA8E-436C-97A2-31AEE0DCF9CD}.Release|Any CPU.Build.0 = Release|Any CPU
		{EA944095-2BCE-4644-8F5A-60518DC88658}.Debug|Any CPU.ActiveCfg = Debug|Any CPU
		{EA944095-2BCE-4644-8F5A-60518DC88658}.Debug|Any CPU.Build.0 = Debug|Any CPU
		{EA944095-2BCE-4644-8F5A-60518DC88658}.Release|Any CPU.ActiveCfg = Release|Any CPU
		{EA944095-2BCE-4644-8F5A-60518DC88658}.Release|Any CPU.Build.0 = Release|Any CPU
	EndGlobalSection
	GlobalSection(SolutionProperties) = preSolution
		HideSolutionNode = FALSE
	EndGlobalSection
	GlobalSection(ExtensibilityGlobals) = postSolution
		SolutionGuid = {2C331E7A-87AE-45C7-BB16-81FA47D5771E}
	EndGlobalSection
EndGlobal
